// !$*UTF8*$!
{
	archiveVersion = 1;
	classes = {
	};
	objectVersion = 48;
	objects = {

/* Begin PBXBuildFile section */
		64743BD7C9B962DAA89E1BA7 /* Pods_TravelStartProject.framework in Frameworks */ = {isa = PBXBuildFile; fileRef = D618B7BE0426CF8A4378D8B6 /* Pods_TravelStartProject.framework */; };
		A0E76595B88CB67C8F8B06CA /* Pods_TravelStartProjectUITests.framework in Frameworks */ = {isa = PBXBuildFile; fileRef = C0CF762F8D2E0FB29B738826 /* Pods_TravelStartProjectUITests.framework */; };
		F510D406209431CD00B9EF22 /* DetailCollectionViewCell.swift in Sources */ = {isa = PBXBuildFile; fileRef = F510D404209431CD00B9EF22 /* DetailCollectionViewCell.swift */; };
		F510D407209431CD00B9EF22 /* DetailCollectionViewCell.xib in Resources */ = {isa = PBXBuildFile; fileRef = F510D405209431CD00B9EF22 /* DetailCollectionViewCell.xib */; };
		F5190EA52090B69600C51FD4 /* AppDelegate.swift in Sources */ = {isa = PBXBuildFile; fileRef = F5190EA42090B69600C51FD4 /* AppDelegate.swift */; };
		F5190EA72090B69600C51FD4 /* ViewController.swift in Sources */ = {isa = PBXBuildFile; fileRef = F5190EA62090B69600C51FD4 /* ViewController.swift */; };
		F5190EAA2090B69600C51FD4 /* Main.storyboard in Resources */ = {isa = PBXBuildFile; fileRef = F5190EA82090B69600C51FD4 /* Main.storyboard */; };
		F5190EAC2090B69600C51FD4 /* Assets.xcassets in Resources */ = {isa = PBXBuildFile; fileRef = F5190EAB2090B69600C51FD4 /* Assets.xcassets */; };
		F5190EAF2090B69600C51FD4 /* LaunchScreen.storyboard in Resources */ = {isa = PBXBuildFile; fileRef = F5190EAD2090B69600C51FD4 /* LaunchScreen.storyboard */; };
		F5190EBA2090B69700C51FD4 /* TravelStartProjectTests.swift in Sources */ = {isa = PBXBuildFile; fileRef = F5190EB92090B69700C51FD4 /* TravelStartProjectTests.swift */; };
		F5190EC52090B69700C51FD4 /* TravelStartProjectUITests.swift in Sources */ = {isa = PBXBuildFile; fileRef = F5190EC42090B69700C51FD4 /* TravelStartProjectUITests.swift */; };
		F5190ED62090BBF600C51FD4 /* TouristSpotModel.swift in Sources */ = {isa = PBXBuildFile; fileRef = F5190ED52090BBF600C51FD4 /* TouristSpotModel.swift */; };
		F5190ED92090BF0800C51FD4 /* ExtensionString.swift in Sources */ = {isa = PBXBuildFile; fileRef = F5190ED82090BF0800C51FD4 /* ExtensionString.swift */; };
		F5190EDB2090C85900C51FD4 /* DataLoader.swift in Sources */ = {isa = PBXBuildFile; fileRef = F5190EDA2090C85900C51FD4 /* DataLoader.swift */; };
		F5190EDD2090C89700C51FD4 /* RequestToken.swift in Sources */ = {isa = PBXBuildFile; fileRef = F5190EDC2090C89700C51FD4 /* RequestToken.swift */; };
		F5190EDF2090CB2500C51FD4 /* Info.plist in Resources */ = {isa = PBXBuildFile; fileRef = F5190EDE2090CB2500C51FD4 /* Info.plist */; };
		F5190EE22090CD5F00C51FD4 /* Constant.swift in Sources */ = {isa = PBXBuildFile; fileRef = F5190EE12090CD5F00C51FD4 /* Constant.swift */; };
		F5190EE42090CD8C00C51FD4 /* ExtensionNotificationCenter.swift in Sources */ = {isa = PBXBuildFile; fileRef = F5190EE32090CD8C00C51FD4 /* ExtensionNotificationCenter.swift */; };
		F5190EE72090D7DC00C51FD4 /* GetTouristSpotApi.swift in Sources */ = {isa = PBXBuildFile; fileRef = F5190EE62090D7DC00C51FD4 /* GetTouristSpotApi.swift */; };
		F5190EE92090D96D00C51FD4 /* TouristSpotManager.swift in Sources */ = {isa = PBXBuildFile; fileRef = F5190EE82090D96D00C51FD4 /* TouristSpotManager.swift */; };
		F5190EF620921B0000C51FD4 /* MainViewController.swift in Sources */ = {isa = PBXBuildFile; fileRef = F5190EF520921B0000C51FD4 /* MainViewController.swift */; };
		F5190EF920921B2100C51FD4 /* MainTableViewCell.swift in Sources */ = {isa = PBXBuildFile; fileRef = F5190EF720921B2100C51FD4 /* MainTableViewCell.swift */; };
		F5190EFA20921B2100C51FD4 /* MainTableViewCell.xib in Resources */ = {isa = PBXBuildFile; fileRef = F5190EF820921B2100C51FD4 /* MainTableViewCell.xib */; };
		F5190EFD20921F9200C51FD4 /* MainCollectionViewCell.swift in Sources */ = {isa = PBXBuildFile; fileRef = F5190EFB20921F9200C51FD4 /* MainCollectionViewCell.swift */; };
		F5190EFE20921F9200C51FD4 /* MainCollectionViewCell.xib in Resources */ = {isa = PBXBuildFile; fileRef = F5190EFC20921F9200C51FD4 /* MainCollectionViewCell.xib */; };
		F5190F002092279100C51FD4 /* MainPresenter.swift in Sources */ = {isa = PBXBuildFile; fileRef = F5190EFF2092279100C51FD4 /* MainPresenter.swift */; };
		F5190F02209227A700C51FD4 /* MainInteractor.swift in Sources */ = {isa = PBXBuildFile; fileRef = F5190F01209227A700C51FD4 /* MainInteractor.swift */; };
		F5190F04209227C000C51FD4 /* MainRouter.swift in Sources */ = {isa = PBXBuildFile; fileRef = F5190F03209227C000C51FD4 /* MainRouter.swift */; };
		F5190F07209227E700C51FD4 /* MainContractor.swift in Sources */ = {isa = PBXBuildFile; fileRef = F5190F06209227E700C51FD4 /* MainContractor.swift */; };
		F5190F0A2092284D00C51FD4 /* ViewProtocols.swift in Sources */ = {isa = PBXBuildFile; fileRef = F5190F092092284D00C51FD4 /* ViewProtocols.swift */; };
		F5190F0D2092B89200C51FD4 /* RootRouter.swift in Sources */ = {isa = PBXBuildFile; fileRef = F5190F0C2092B89200C51FD4 /* RootRouter.swift */; };
		F5190F0F2092B96400C51FD4 /* RootContractor.swift in Sources */ = {isa = PBXBuildFile; fileRef = F5190F0E2092B96400C51FD4 /* RootContractor.swift */; };
		F5190F132092BC5D00C51FD4 /* ExtensionUIColor.swift in Sources */ = {isa = PBXBuildFile; fileRef = F5190F122092BC5D00C51FD4 /* ExtensionUIColor.swift */; };
		F5190F152092D52200C51FD4 /* ImageCache.swift in Sources */ = {isa = PBXBuildFile; fileRef = F5190F142092D52200C51FD4 /* ImageCache.swift */; };
		F5190F172092D5C700C51FD4 /* ExtensionURL.swift in Sources */ = {isa = PBXBuildFile; fileRef = F5190F162092D5C700C51FD4 /* ExtensionURL.swift */; };
		F5190F192092E86100C51FD4 /* ImageLoader.swift in Sources */ = {isa = PBXBuildFile; fileRef = F5190F182092E86100C51FD4 /* ImageLoader.swift */; };
		F5190F23209387F100C51FD4 /* DetailViewController.swift in Sources */ = {isa = PBXBuildFile; fileRef = F5190F22209387F100C51FD4 /* DetailViewController.swift */; };
		F5190F262093881000C51FD4 /* DetailTableViewCell.swift in Sources */ = {isa = PBXBuildFile; fileRef = F5190F242093881000C51FD4 /* DetailTableViewCell.swift */; };
		F5190F272093881000C51FD4 /* DetailTableViewCell.xib in Resources */ = {isa = PBXBuildFile; fileRef = F5190F252093881000C51FD4 /* DetailTableViewCell.xib */; };
		F5190F292093882F00C51FD4 /* DetailPresenter.swift in Sources */ = {isa = PBXBuildFile; fileRef = F5190F282093882F00C51FD4 /* DetailPresenter.swift */; };
		F5190F2B2093884200C51FD4 /* DetailInteractor.swift in Sources */ = {isa = PBXBuildFile; fileRef = F5190F2A2093884200C51FD4 /* DetailInteractor.swift */; };
		F5190F2D2093884E00C51FD4 /* DetailRouter.swift in Sources */ = {isa = PBXBuildFile; fileRef = F5190F2C2093884E00C51FD4 /* DetailRouter.swift */; };
		F5190F2F2093885E00C51FD4 /* DetailContractor.swift in Sources */ = {isa = PBXBuildFile; fileRef = F5190F2E2093885E00C51FD4 /* DetailContractor.swift */; };
		F5190F3120938B5300C51FD4 /* Detail.storyboard in Resources */ = {isa = PBXBuildFile; fileRef = F5190F3020938B5300C51FD4 /* Detail.storyboard */; };
		FCFC3B0DD23C7C95D1538329 /* Pods_TravelStartProjectTests.framework in Frameworks */ = {isa = PBXBuildFile; fileRef = D47EC76F9A9341907201EC5A /* Pods_TravelStartProjectTests.framework */; };
/* End PBXBuildFile section */

/* Begin PBXContainerItemProxy section */
		F5190EB62090B69700C51FD4 /* PBXContainerItemProxy */ = {
			isa = PBXContainerItemProxy;
			containerPortal = F5190E992090B69600C51FD4 /* Project object */;
			proxyType = 1;
			remoteGlobalIDString = F5190EA02090B69600C51FD4;
			remoteInfo = TravelStartProject;
		};
		F5190EC12090B69700C51FD4 /* PBXContainerItemProxy */ = {
			isa = PBXContainerItemProxy;
			containerPortal = F5190E992090B69600C51FD4 /* Project object */;
			proxyType = 1;
			remoteGlobalIDString = F5190EA02090B69600C51FD4;
			remoteInfo = TravelStartProject;
		};
/* End PBXContainerItemProxy section */

/* Begin PBXFileReference section */
		55D9580550B048959701D1B6 /* Pods-TravelStartProjectUITests.release.xcconfig */ = {isa = PBXFileReference; includeInIndex = 1; lastKnownFileType = text.xcconfig; name = "Pods-TravelStartProjectUITests.release.xcconfig"; path = "Pods/Target Support Files/Pods-TravelStartProjectUITests/Pods-TravelStartProjectUITests.release.xcconfig"; sourceTree = "<group>"; };
		6112D3F6CDDDC65DB013B155 /* Pods-TravelStartProjectTests.debug.xcconfig */ = {isa = PBXFileReference; includeInIndex = 1; lastKnownFileType = text.xcconfig; name = "Pods-TravelStartProjectTests.debug.xcconfig"; path = "Pods/Target Support Files/Pods-TravelStartProjectTests/Pods-TravelStartProjectTests.debug.xcconfig"; sourceTree = "<group>"; };
		6880C4C71261260729DB735F /* Pods-TravelStartProject.release.xcconfig */ = {isa = PBXFileReference; includeInIndex = 1; lastKnownFileType = text.xcconfig; name = "Pods-TravelStartProject.release.xcconfig"; path = "Pods/Target Support Files/Pods-TravelStartProject/Pods-TravelStartProject.release.xcconfig"; sourceTree = "<group>"; };
		90A6DDA346A4899CD3D0A2CF /* Pods-TravelStartProjectUITests.debug.xcconfig */ = {isa = PBXFileReference; includeInIndex = 1; lastKnownFileType = text.xcconfig; name = "Pods-TravelStartProjectUITests.debug.xcconfig"; path = "Pods/Target Support Files/Pods-TravelStartProjectUITests/Pods-TravelStartProjectUITests.debug.xcconfig"; sourceTree = "<group>"; };
		C0CF762F8D2E0FB29B738826 /* Pods_TravelStartProjectUITests.framework */ = {isa = PBXFileReference; explicitFileType = wrapper.framework; includeInIndex = 0; path = Pods_TravelStartProjectUITests.framework; sourceTree = BUILT_PRODUCTS_DIR; };
		CACBE290CB2363012489555A /* Pods-TravelStartProjectTests.release.xcconfig */ = {isa = PBXFileReference; includeInIndex = 1; lastKnownFileType = text.xcconfig; name = "Pods-TravelStartProjectTests.release.xcconfig"; path = "Pods/Target Support Files/Pods-TravelStartProjectTests/Pods-TravelStartProjectTests.release.xcconfig"; sourceTree = "<group>"; };
		D47EC76F9A9341907201EC5A /* Pods_TravelStartProjectTests.framework */ = {isa = PBXFileReference; explicitFileType = wrapper.framework; includeInIndex = 0; path = Pods_TravelStartProjectTests.framework; sourceTree = BUILT_PRODUCTS_DIR; };
		D618B7BE0426CF8A4378D8B6 /* Pods_TravelStartProject.framework */ = {isa = PBXFileReference; explicitFileType = wrapper.framework; includeInIndex = 0; path = Pods_TravelStartProject.framework; sourceTree = BUILT_PRODUCTS_DIR; };
		E11342652EFD6F540EA91AA4 /* Pods-TravelStartProject.debug.xcconfig */ = {isa = PBXFileReference; includeInIndex = 1; lastKnownFileType = text.xcconfig; name = "Pods-TravelStartProject.debug.xcconfig"; path = "Pods/Target Support Files/Pods-TravelStartProject/Pods-TravelStartProject.debug.xcconfig"; sourceTree = "<group>"; };
		F510D404209431CD00B9EF22 /* DetailCollectionViewCell.swift */ = {isa = PBXFileReference; lastKnownFileType = sourcecode.swift; path = DetailCollectionViewCell.swift; sourceTree = "<group>"; };
		F510D405209431CD00B9EF22 /* DetailCollectionViewCell.xib */ = {isa = PBXFileReference; lastKnownFileType = file.xib; path = DetailCollectionViewCell.xib; sourceTree = "<group>"; };
		F5190EA12090B69600C51FD4 /* TravelStartProject.app */ = {isa = PBXFileReference; explicitFileType = wrapper.application; includeInIndex = 0; path = TravelStartProject.app; sourceTree = BUILT_PRODUCTS_DIR; };
		F5190EA42090B69600C51FD4 /* AppDelegate.swift */ = {isa = PBXFileReference; lastKnownFileType = sourcecode.swift; path = AppDelegate.swift; sourceTree = "<group>"; };
		F5190EA62090B69600C51FD4 /* ViewController.swift */ = {isa = PBXFileReference; lastKnownFileType = sourcecode.swift; path = ViewController.swift; sourceTree = "<group>"; };
		F5190EA92090B69600C51FD4 /* Base */ = {isa = PBXFileReference; lastKnownFileType = file.storyboard; name = Base; path = Base.lproj/Main.storyboard; sourceTree = "<group>"; };
		F5190EAB2090B69600C51FD4 /* Assets.xcassets */ = {isa = PBXFileReference; lastKnownFileType = folder.assetcatalog; path = Assets.xcassets; sourceTree = "<group>"; };
		F5190EAE2090B69600C51FD4 /* Base */ = {isa = PBXFileReference; lastKnownFileType = file.storyboard; name = Base; path = Base.lproj/LaunchScreen.storyboard; sourceTree = "<group>"; };
		F5190EB52090B69700C51FD4 /* TravelStartProjectTests.xctest */ = {isa = PBXFileReference; explicitFileType = wrapper.cfbundle; includeInIndex = 0; path = TravelStartProjectTests.xctest; sourceTree = BUILT_PRODUCTS_DIR; };
		F5190EB92090B69700C51FD4 /* TravelStartProjectTests.swift */ = {isa = PBXFileReference; lastKnownFileType = sourcecode.swift; path = TravelStartProjectTests.swift; sourceTree = "<group>"; };
		F5190EBB2090B69700C51FD4 /* Info.plist */ = {isa = PBXFileReference; lastKnownFileType = text.plist.xml; path = Info.plist; sourceTree = "<group>"; };
		F5190EC02090B69700C51FD4 /* TravelStartProjectUITests.xctest */ = {isa = PBXFileReference; explicitFileType = wrapper.cfbundle; includeInIndex = 0; path = TravelStartProjectUITests.xctest; sourceTree = BUILT_PRODUCTS_DIR; };
		F5190EC42090B69700C51FD4 /* TravelStartProjectUITests.swift */ = {isa = PBXFileReference; lastKnownFileType = sourcecode.swift; path = TravelStartProjectUITests.swift; sourceTree = "<group>"; };
		F5190EC62090B69700C51FD4 /* Info.plist */ = {isa = PBXFileReference; lastKnownFileType = text.plist.xml; path = Info.plist; sourceTree = "<group>"; };
		F5190ED52090BBF600C51FD4 /* TouristSpotModel.swift */ = {isa = PBXFileReference; lastKnownFileType = sourcecode.swift; path = TouristSpotModel.swift; sourceTree = "<group>"; };
		F5190ED82090BF0800C51FD4 /* ExtensionString.swift */ = {isa = PBXFileReference; lastKnownFileType = sourcecode.swift; path = ExtensionString.swift; sourceTree = "<group>"; };
		F5190EDA2090C85900C51FD4 /* DataLoader.swift */ = {isa = PBXFileReference; lastKnownFileType = sourcecode.swift; path = DataLoader.swift; sourceTree = "<group>"; };
		F5190EDC2090C89700C51FD4 /* RequestToken.swift */ = {isa = PBXFileReference; lastKnownFileType = sourcecode.swift; path = RequestToken.swift; sourceTree = "<group>"; };
		F5190EDE2090CB2500C51FD4 /* Info.plist */ = {isa = PBXFileReference; fileEncoding = 4; lastKnownFileType = text.plist.xml; path = Info.plist; sourceTree = "<group>"; };
		F5190EE12090CD5F00C51FD4 /* Constant.swift */ = {isa = PBXFileReference; lastKnownFileType = sourcecode.swift; path = Constant.swift; sourceTree = "<group>"; };
		F5190EE32090CD8C00C51FD4 /* ExtensionNotificationCenter.swift */ = {isa = PBXFileReference; lastKnownFileType = sourcecode.swift; path = ExtensionNotificationCenter.swift; sourceTree = "<group>"; };
		F5190EE62090D7DC00C51FD4 /* GetTouristSpotApi.swift */ = {isa = PBXFileReference; lastKnownFileType = sourcecode.swift; path = GetTouristSpotApi.swift; sourceTree = "<group>"; };
		F5190EE82090D96D00C51FD4 /* TouristSpotManager.swift */ = {isa = PBXFileReference; lastKnownFileType = sourcecode.swift; path = TouristSpotManager.swift; sourceTree = "<group>"; };
		F5190EF520921B0000C51FD4 /* MainViewController.swift */ = {isa = PBXFileReference; lastKnownFileType = sourcecode.swift; path = MainViewController.swift; sourceTree = "<group>"; };
		F5190EF720921B2100C51FD4 /* MainTableViewCell.swift */ = {isa = PBXFileReference; lastKnownFileType = sourcecode.swift; path = MainTableViewCell.swift; sourceTree = "<group>"; };
		F5190EF820921B2100C51FD4 /* MainTableViewCell.xib */ = {isa = PBXFileReference; lastKnownFileType = file.xib; path = MainTableViewCell.xib; sourceTree = "<group>"; };
		F5190EFB20921F9200C51FD4 /* MainCollectionViewCell.swift */ = {isa = PBXFileReference; lastKnownFileType = sourcecode.swift; path = MainCollectionViewCell.swift; sourceTree = "<group>"; };
		F5190EFC20921F9200C51FD4 /* MainCollectionViewCell.xib */ = {isa = PBXFileReference; lastKnownFileType = file.xib; path = MainCollectionViewCell.xib; sourceTree = "<group>"; };
		F5190EFF2092279100C51FD4 /* MainPresenter.swift */ = {isa = PBXFileReference; lastKnownFileType = sourcecode.swift; path = MainPresenter.swift; sourceTree = "<group>"; };
		F5190F01209227A700C51FD4 /* MainInteractor.swift */ = {isa = PBXFileReference; lastKnownFileType = sourcecode.swift; path = MainInteractor.swift; sourceTree = "<group>"; };
		F5190F03209227C000C51FD4 /* MainRouter.swift */ = {isa = PBXFileReference; lastKnownFileType = sourcecode.swift; path = MainRouter.swift; sourceTree = "<group>"; };
		F5190F06209227E700C51FD4 /* MainContractor.swift */ = {isa = PBXFileReference; lastKnownFileType = sourcecode.swift; path = MainContractor.swift; sourceTree = "<group>"; };
		F5190F092092284D00C51FD4 /* ViewProtocols.swift */ = {isa = PBXFileReference; lastKnownFileType = sourcecode.swift; path = ViewProtocols.swift; sourceTree = "<group>"; };
		F5190F0C2092B89200C51FD4 /* RootRouter.swift */ = {isa = PBXFileReference; lastKnownFileType = sourcecode.swift; path = RootRouter.swift; sourceTree = "<group>"; };
		F5190F0E2092B96400C51FD4 /* RootContractor.swift */ = {isa = PBXFileReference; lastKnownFileType = sourcecode.swift; path = RootContractor.swift; sourceTree = "<group>"; };
		F5190F122092BC5D00C51FD4 /* ExtensionUIColor.swift */ = {isa = PBXFileReference; lastKnownFileType = sourcecode.swift; path = ExtensionUIColor.swift; sourceTree = "<group>"; };
		F5190F142092D52200C51FD4 /* ImageCache.swift */ = {isa = PBXFileReference; lastKnownFileType = sourcecode.swift; path = ImageCache.swift; sourceTree = "<group>"; };
		F5190F162092D5C700C51FD4 /* ExtensionURL.swift */ = {isa = PBXFileReference; lastKnownFileType = sourcecode.swift; path = ExtensionURL.swift; sourceTree = "<group>"; };
		F5190F182092E86100C51FD4 /* ImageLoader.swift */ = {isa = PBXFileReference; lastKnownFileType = sourcecode.swift; path = ImageLoader.swift; sourceTree = "<group>"; };
		F5190F22209387F100C51FD4 /* DetailViewController.swift */ = {isa = PBXFileReference; lastKnownFileType = sourcecode.swift; path = DetailViewController.swift; sourceTree = "<group>"; };
		F5190F242093881000C51FD4 /* DetailTableViewCell.swift */ = {isa = PBXFileReference; lastKnownFileType = sourcecode.swift; path = DetailTableViewCell.swift; sourceTree = "<group>"; };
		F5190F252093881000C51FD4 /* DetailTableViewCell.xib */ = {isa = PBXFileReference; lastKnownFileType = file.xib; path = DetailTableViewCell.xib; sourceTree = "<group>"; };
		F5190F282093882F00C51FD4 /* DetailPresenter.swift */ = {isa = PBXFileReference; lastKnownFileType = sourcecode.swift; path = DetailPresenter.swift; sourceTree = "<group>"; };
		F5190F2A2093884200C51FD4 /* DetailInteractor.swift */ = {isa = PBXFileReference; lastKnownFileType = sourcecode.swift; path = DetailInteractor.swift; sourceTree = "<group>"; };
		F5190F2C2093884E00C51FD4 /* DetailRouter.swift */ = {isa = PBXFileReference; lastKnownFileType = sourcecode.swift; path = DetailRouter.swift; sourceTree = "<group>"; };
		F5190F2E2093885E00C51FD4 /* DetailContractor.swift */ = {isa = PBXFileReference; lastKnownFileType = sourcecode.swift; path = DetailContractor.swift; sourceTree = "<group>"; };
		F5190F3020938B5300C51FD4 /* Detail.storyboard */ = {isa = PBXFileReference; lastKnownFileType = file.storyboard; path = Detail.storyboard; sourceTree = "<group>"; };
/* End PBXFileReference section */

/* Begin PBXFrameworksBuildPhase section */
		F5190E9E2090B69600C51FD4 /* Frameworks */ = {
			isa = PBXFrameworksBuildPhase;
			buildActionMask = 2147483647;
			files = (
				64743BD7C9B962DAA89E1BA7 /* Pods_TravelStartProject.framework in Frameworks */,
			);
			runOnlyForDeploymentPostprocessing = 0;
		};
		F5190EB22090B69700C51FD4 /* Frameworks */ = {
			isa = PBXFrameworksBuildPhase;
			buildActionMask = 2147483647;
			files = (
				FCFC3B0DD23C7C95D1538329 /* Pods_TravelStartProjectTests.framework in Frameworks */,
			);
			runOnlyForDeploymentPostprocessing = 0;
		};
		F5190EBD2090B69700C51FD4 /* Frameworks */ = {
			isa = PBXFrameworksBuildPhase;
			buildActionMask = 2147483647;
			files = (
				A0E76595B88CB67C8F8B06CA /* Pods_TravelStartProjectUITests.framework in Frameworks */,
			);
			runOnlyForDeploymentPostprocessing = 0;
		};
/* End PBXFrameworksBuildPhase section */

/* Begin PBXGroup section */
		7FA1216BA28F73DC8C40EBF8 /* Frameworks */ = {
			isa = PBXGroup;
			children = (
				D618B7BE0426CF8A4378D8B6 /* Pods_TravelStartProject.framework */,
				D47EC76F9A9341907201EC5A /* Pods_TravelStartProjectTests.framework */,
				C0CF762F8D2E0FB29B738826 /* Pods_TravelStartProjectUITests.framework */,
			);
			name = Frameworks;
			sourceTree = "<group>";
		};
		E899AE0D65908C741858ABE9 /* Pods */ = {
			isa = PBXGroup;
			children = (
				E11342652EFD6F540EA91AA4 /* Pods-TravelStartProject.debug.xcconfig */,
				6880C4C71261260729DB735F /* Pods-TravelStartProject.release.xcconfig */,
				6112D3F6CDDDC65DB013B155 /* Pods-TravelStartProjectTests.debug.xcconfig */,
				CACBE290CB2363012489555A /* Pods-TravelStartProjectTests.release.xcconfig */,
				90A6DDA346A4899CD3D0A2CF /* Pods-TravelStartProjectUITests.debug.xcconfig */,
				55D9580550B048959701D1B6 /* Pods-TravelStartProjectUITests.release.xcconfig */,
			);
			name = Pods;
			sourceTree = "<group>";
		};
		F5190E982090B69600C51FD4 = {
			isa = PBXGroup;
			children = (
				F5190EA32090B69600C51FD4 /* TravelStartProject */,
				F5190EB82090B69700C51FD4 /* TravelStartProjectTests */,
				F5190EC32090B69700C51FD4 /* TravelStartProjectUITests */,
				F5190EA22090B69600C51FD4 /* Products */,
				E899AE0D65908C741858ABE9 /* Pods */,
				7FA1216BA28F73DC8C40EBF8 /* Frameworks */,
			);
			sourceTree = "<group>";
		};
		F5190EA22090B69600C51FD4 /* Products */ = {
			isa = PBXGroup;
			children = (
				F5190EA12090B69600C51FD4 /* TravelStartProject.app */,
				F5190EB52090B69700C51FD4 /* TravelStartProjectTests.xctest */,
				F5190EC02090B69700C51FD4 /* TravelStartProjectUITests.xctest */,
			);
			name = Products;
			sourceTree = "<group>";
		};
		F5190EA32090B69600C51FD4 /* TravelStartProject */ = {
			isa = PBXGroup;
			children = (
				F5190F082092283000C51FD4 /* Protocols */,
				F5190EEE20921A1D00C51FD4 /* Modules */,
				F5190EE02090CD4900C51FD4 /* Common */,
				F5190ED72090BEED00C51FD4 /* Extensions */,
				F5190ED42090BBDB00C51FD4 /* Data */,
				F5190ED32090B83B00C51FD4 /* AppDelegate */,
				F5190ED22090B81100C51FD4 /* supportingFiles */,
				F5190EA62090B69600C51FD4 /* ViewController.swift */,
				F5190EDE2090CB2500C51FD4 /* Info.plist */,
				F5190EA82090B69600C51FD4 /* Main.storyboard */,
				F5190EAD2090B69600C51FD4 /* LaunchScreen.storyboard */,
			);
			path = TravelStartProject;
			sourceTree = "<group>";
		};
		F5190EB82090B69700C51FD4 /* TravelStartProjectTests */ = {
			isa = PBXGroup;
			children = (
				F5190EB92090B69700C51FD4 /* TravelStartProjectTests.swift */,
				F5190EBB2090B69700C51FD4 /* Info.plist */,
			);
			path = TravelStartProjectTests;
			sourceTree = "<group>";
		};
		F5190EC32090B69700C51FD4 /* TravelStartProjectUITests */ = {
			isa = PBXGroup;
			children = (
				F5190EC42090B69700C51FD4 /* TravelStartProjectUITests.swift */,
				F5190EC62090B69700C51FD4 /* Info.plist */,
			);
			path = TravelStartProjectUITests;
			sourceTree = "<group>";
		};
		F5190ED22090B81100C51FD4 /* supportingFiles */ = {
			isa = PBXGroup;
			children = (
				F5190EAB2090B69600C51FD4 /* Assets.xcassets */,
			);
			path = supportingFiles;
			sourceTree = "<group>";
		};
		F5190ED32090B83B00C51FD4 /* AppDelegate */ = {
			isa = PBXGroup;
			children = (
				F5190EA42090B69600C51FD4 /* AppDelegate.swift */,
			);
			path = AppDelegate;
			sourceTree = "<group>";
		};
		F5190ED42090BBDB00C51FD4 /* Data */ = {
			isa = PBXGroup;
			children = (
				F5190ED52090BBF600C51FD4 /* TouristSpotModel.swift */,
				F5190EDA2090C85900C51FD4 /* DataLoader.swift */,
				F5190EDC2090C89700C51FD4 /* RequestToken.swift */,
				F5190EE52090D7B100C51FD4 /* Api + Manager */,
			);
			path = Data;
			sourceTree = "<group>";
		};
		F5190ED72090BEED00C51FD4 /* Extensions */ = {
			isa = PBXGroup;
			children = (
				F5190ED82090BF0800C51FD4 /* ExtensionString.swift */,
				F5190F162092D5C700C51FD4 /* ExtensionURL.swift */,
				F5190F122092BC5D00C51FD4 /* ExtensionUIColor.swift */,
				F5190EE32090CD8C00C51FD4 /* ExtensionNotificationCenter.swift */,
			);
			path = Extensions;
			sourceTree = "<group>";
		};
		F5190EE02090CD4900C51FD4 /* Common */ = {
			isa = PBXGroup;
			children = (
				F5190EE12090CD5F00C51FD4 /* Constant.swift */,
				F5190F142092D52200C51FD4 /* ImageCache.swift */,
				F5190F182092E86100C51FD4 /* ImageLoader.swift */,
			);
			path = Common;
			sourceTree = "<group>";
		};
		F5190EE52090D7B100C51FD4 /* Api + Manager */ = {
			isa = PBXGroup;
			children = (
				F5190EE62090D7DC00C51FD4 /* GetTouristSpotApi.swift */,
				F5190EE82090D96D00C51FD4 /* TouristSpotManager.swift */,
			);
			path = "Api + Manager";
			sourceTree = "<group>";
		};
		F5190EEE20921A1D00C51FD4 /* Modules */ = {
			isa = PBXGroup;
			children = (
				F5190F1C209387A600C51FD4 /* Detail */,
				F5190F0B2092B87A00C51FD4 /* Root */,
				F5190EF020921A3700C51FD4 /* Main */,
				F5190EEF20921A2C00C51FD4 /* Navigation */,
			);
			path = Modules;
			sourceTree = "<group>";
		};
		F5190EEF20921A2C00C51FD4 /* Navigation */ = {
			isa = PBXGroup;
			children = (
			);
			path = Navigation;
			sourceTree = "<group>";
		};
		F5190EF020921A3700C51FD4 /* Main */ = {
			isa = PBXGroup;
			children = (
				F5190F05209227CF00C51FD4 /* Contractor */,
				F5190EF420921A6700C51FD4 /* Router */,
				F5190EF320921A5600C51FD4 /* Interactor */,
				F5190EF220921A4F00C51FD4 /* Presenter */,
				F5190EF120921A4900C51FD4 /* View */,
			);
			path = Main;
			sourceTree = "<group>";
		};
		F5190EF120921A4900C51FD4 /* View */ = {
			isa = PBXGroup;
			children = (
				F5190EF520921B0000C51FD4 /* MainViewController.swift */,
				F5190EF720921B2100C51FD4 /* MainTableViewCell.swift */,
				F5190EF820921B2100C51FD4 /* MainTableViewCell.xib */,
				F5190EFB20921F9200C51FD4 /* MainCollectionViewCell.swift */,
				F5190EFC20921F9200C51FD4 /* MainCollectionViewCell.xib */,
			);
			path = View;
			sourceTree = "<group>";
		};
		F5190EF220921A4F00C51FD4 /* Presenter */ = {
			isa = PBXGroup;
			children = (
				F5190EFF2092279100C51FD4 /* MainPresenter.swift */,
			);
			path = Presenter;
			sourceTree = "<group>";
		};
		F5190EF320921A5600C51FD4 /* Interactor */ = {
			isa = PBXGroup;
			children = (
				F5190F01209227A700C51FD4 /* MainInteractor.swift */,
			);
			path = Interactor;
			sourceTree = "<group>";
		};
		F5190EF420921A6700C51FD4 /* Router */ = {
			isa = PBXGroup;
			children = (
				F5190F03209227C000C51FD4 /* MainRouter.swift */,
			);
			path = Router;
			sourceTree = "<group>";
		};
		F5190F05209227CF00C51FD4 /* Contractor */ = {
			isa = PBXGroup;
			children = (
				F5190F06209227E700C51FD4 /* MainContractor.swift */,
			);
			path = Contractor;
			sourceTree = "<group>";
		};
		F5190F082092283000C51FD4 /* Protocols */ = {
			isa = PBXGroup;
			children = (
				F5190F092092284D00C51FD4 /* ViewProtocols.swift */,
			);
			path = Protocols;
			sourceTree = "<group>";
		};
		F5190F0B2092B87A00C51FD4 /* Root */ = {
			isa = PBXGroup;
			children = (
				F5190F112092B98100C51FD4 /* Router */,
				F5190F102092B97800C51FD4 /* Contractor */,
			);
			path = Root;
			sourceTree = "<group>";
		};
		F5190F102092B97800C51FD4 /* Contractor */ = {
			isa = PBXGroup;
			children = (
				F5190F0E2092B96400C51FD4 /* RootContractor.swift */,
			);
			path = Contractor;
			sourceTree = "<group>";
		};
		F5190F112092B98100C51FD4 /* Router */ = {
			isa = PBXGroup;
			children = (
				F5190F0C2092B89200C51FD4 /* RootRouter.swift */,
			);
			path = Router;
			sourceTree = "<group>";
		};
		F5190F1C209387A600C51FD4 /* Detail */ = {
			isa = PBXGroup;
			children = (
				F5190F21209387D800C51FD4 /* Contractor */,
				F5190F20209387CE00C51FD4 /* Router */,
				F5190F1F209387C400C51FD4 /* Interactor */,
				F5190F1E209387BC00C51FD4 /* Presenter */,
				F5190F1D209387B500C51FD4 /* View */,
			);
			path = Detail;
			sourceTree = "<group>";
		};
		F5190F1D209387B500C51FD4 /* View */ = {
			isa = PBXGroup;
			children = (
				F5190F22209387F100C51FD4 /* DetailViewController.swift */,
				F5190F3020938B5300C51FD4 /* Detail.storyboard */,
				F5190F242093881000C51FD4 /* DetailTableViewCell.swift */,
				F5190F252093881000C51FD4 /* DetailTableViewCell.xib */,
				F510D404209431CD00B9EF22 /* DetailCollectionViewCell.swift */,
				F510D405209431CD00B9EF22 /* DetailCollectionViewCell.xib */,
			);
			path = View;
			sourceTree = "<group>";
		};
		F5190F1E209387BC00C51FD4 /* Presenter */ = {
			isa = PBXGroup;
			children = (
				F5190F282093882F00C51FD4 /* DetailPresenter.swift */,
			);
			path = Presenter;
			sourceTree = "<group>";
		};
		F5190F1F209387C400C51FD4 /* Interactor */ = {
			isa = PBXGroup;
			children = (
				F5190F2A2093884200C51FD4 /* DetailInteractor.swift */,
			);
			path = Interactor;
			sourceTree = "<group>";
		};
		F5190F20209387CE00C51FD4 /* Router */ = {
			isa = PBXGroup;
			children = (
				F5190F2C2093884E00C51FD4 /* DetailRouter.swift */,
			);
			path = Router;
			sourceTree = "<group>";
		};
		F5190F21209387D800C51FD4 /* Contractor */ = {
			isa = PBXGroup;
			children = (
				F5190F2E2093885E00C51FD4 /* DetailContractor.swift */,
			);
			path = Contractor;
			sourceTree = "<group>";
		};
/* End PBXGroup section */

/* Begin PBXNativeTarget section */
		F5190EA02090B69600C51FD4 /* TravelStartProject */ = {
			isa = PBXNativeTarget;
			buildConfigurationList = F5190EC92090B69700C51FD4 /* Build configuration list for PBXNativeTarget "TravelStartProject" */;
			buildPhases = (
				07223E15EC49182E5E89A489 /* [CP] Check Pods Manifest.lock */,
				F5190E9D2090B69600C51FD4 /* Sources */,
				F5190E9E2090B69600C51FD4 /* Frameworks */,
				F5190E9F2090B69600C51FD4 /* Resources */,
				7686417AAB9652656D41E8C2 /* [CP] Embed Pods Frameworks */,
				C3B8CAD0C1602ADE2427544E /* [CP] Copy Pods Resources */,
			);
			buildRules = (
			);
			dependencies = (
			);
			name = TravelStartProject;
			productName = TravelStartProject;
			productReference = F5190EA12090B69600C51FD4 /* TravelStartProject.app */;
			productType = "com.apple.product-type.application";
		};
		F5190EB42090B69700C51FD4 /* TravelStartProjectTests */ = {
			isa = PBXNativeTarget;
			buildConfigurationList = F5190ECC2090B69700C51FD4 /* Build configuration list for PBXNativeTarget "TravelStartProjectTests" */;
			buildPhases = (
				86692B50BC889A401245BC39 /* [CP] Check Pods Manifest.lock */,
				F5190EB12090B69700C51FD4 /* Sources */,
				F5190EB22090B69700C51FD4 /* Frameworks */,
				F5190EB32090B69700C51FD4 /* Resources */,
				F16A8B0CBF0A172E6BD1FF6B /* [CP] Embed Pods Frameworks */,
				8234F73C16E62232CFC7592F /* [CP] Copy Pods Resources */,
			);
			buildRules = (
			);
			dependencies = (
				F5190EB72090B69700C51FD4 /* PBXTargetDependency */,
			);
			name = TravelStartProjectTests;
			productName = TravelStartProjectTests;
			productReference = F5190EB52090B69700C51FD4 /* TravelStartProjectTests.xctest */;
			productType = "com.apple.product-type.bundle.unit-test";
		};
		F5190EBF2090B69700C51FD4 /* TravelStartProjectUITests */ = {
			isa = PBXNativeTarget;
			buildConfigurationList = F5190ECF2090B69700C51FD4 /* Build configuration list for PBXNativeTarget "TravelStartProjectUITests" */;
			buildPhases = (
				1A6582AE8F6AB1E1E265735A /* [CP] Check Pods Manifest.lock */,
				F5190EBC2090B69700C51FD4 /* Sources */,
				F5190EBD2090B69700C51FD4 /* Frameworks */,
				F5190EBE2090B69700C51FD4 /* Resources */,
				B4FC5335CD1FFF6A5FD57966 /* [CP] Embed Pods Frameworks */,
				4849A92CFA6C5AFCE6BA082F /* [CP] Copy Pods Resources */,
			);
			buildRules = (
			);
			dependencies = (
				F5190EC22090B69700C51FD4 /* PBXTargetDependency */,
			);
			name = TravelStartProjectUITests;
			productName = TravelStartProjectUITests;
			productReference = F5190EC02090B69700C51FD4 /* TravelStartProjectUITests.xctest */;
			productType = "com.apple.product-type.bundle.ui-testing";
		};
/* End PBXNativeTarget section */

/* Begin PBXProject section */
		F5190E992090B69600C51FD4 /* Project object */ = {
			isa = PBXProject;
			attributes = {
				LastSwiftUpdateCheck = 0920;
				LastUpgradeCheck = 0920;
				ORGANIZATIONNAME = athemer;
				TargetAttributes = {
					F5190EA02090B69600C51FD4 = {
						CreatedOnToolsVersion = 9.2;
						ProvisioningStyle = Automatic;
					};
					F5190EB42090B69700C51FD4 = {
						CreatedOnToolsVersion = 9.2;
						ProvisioningStyle = Automatic;
						TestTargetID = F5190EA02090B69600C51FD4;
					};
					F5190EBF2090B69700C51FD4 = {
						CreatedOnToolsVersion = 9.2;
						ProvisioningStyle = Automatic;
						TestTargetID = F5190EA02090B69600C51FD4;
					};
				};
			};
			buildConfigurationList = F5190E9C2090B69600C51FD4 /* Build configuration list for PBXProject "TravelStartProject" */;
			compatibilityVersion = "Xcode 8.0";
			developmentRegion = en;
			hasScannedForEncodings = 0;
			knownRegions = (
				en,
				Base,
			);
			mainGroup = F5190E982090B69600C51FD4;
			productRefGroup = F5190EA22090B69600C51FD4 /* Products */;
			projectDirPath = "";
			projectRoot = "";
			targets = (
				F5190EA02090B69600C51FD4 /* TravelStartProject */,
				F5190EB42090B69700C51FD4 /* TravelStartProjectTests */,
				F5190EBF2090B69700C51FD4 /* TravelStartProjectUITests */,
			);
		};
/* End PBXProject section */

/* Begin PBXResourcesBuildPhase section */
		F5190E9F2090B69600C51FD4 /* Resources */ = {
			isa = PBXResourcesBuildPhase;
			buildActionMask = 2147483647;
			files = (
				F5190EDF2090CB2500C51FD4 /* Info.plist in Resources */,
				F5190EFE20921F9200C51FD4 /* MainCollectionViewCell.xib in Resources */,
				F5190EAF2090B69600C51FD4 /* LaunchScreen.storyboard in Resources */,
				F510D407209431CD00B9EF22 /* DetailCollectionViewCell.xib in Resources */,
				F5190F3120938B5300C51FD4 /* Detail.storyboard in Resources */,
				F5190EAC2090B69600C51FD4 /* Assets.xcassets in Resources */,
				F5190EFA20921B2100C51FD4 /* MainTableViewCell.xib in Resources */,
				F5190F272093881000C51FD4 /* DetailTableViewCell.xib in Resources */,
				F5190EAA2090B69600C51FD4 /* Main.storyboard in Resources */,
			);
			runOnlyForDeploymentPostprocessing = 0;
		};
		F5190EB32090B69700C51FD4 /* Resources */ = {
			isa = PBXResourcesBuildPhase;
			buildActionMask = 2147483647;
			files = (
			);
			runOnlyForDeploymentPostprocessing = 0;
		};
		F5190EBE2090B69700C51FD4 /* Resources */ = {
			isa = PBXResourcesBuildPhase;
			buildActionMask = 2147483647;
			files = (
			);
			runOnlyForDeploymentPostprocessing = 0;
		};
/* End PBXResourcesBuildPhase section */

/* Begin PBXShellScriptBuildPhase section */
		07223E15EC49182E5E89A489 /* [CP] Check Pods Manifest.lock */ = {
			isa = PBXShellScriptBuildPhase;
			buildActionMask = 2147483647;
			files = (
			);
			inputPaths = (
			);
			name = "[CP] Check Pods Manifest.lock";
			outputPaths = (
			);
			runOnlyForDeploymentPostprocessing = 0;
			shellPath = /bin/sh;
			shellScript = "diff \"${PODS_PODFILE_DIR_PATH}/Podfile.lock\" \"${PODS_ROOT}/Manifest.lock\" > /dev/null\nif [ $? != 0 ] ; then\n    # print error to STDERR\n    echo \"error: The sandbox is not in sync with the Podfile.lock. Run 'pod install' or update your CocoaPods installation.\" >&2\n    exit 1\nfi\n";
			showEnvVarsInLog = 0;
		};
		1A6582AE8F6AB1E1E265735A /* [CP] Check Pods Manifest.lock */ = {
			isa = PBXShellScriptBuildPhase;
			buildActionMask = 2147483647;
			files = (
			);
			inputPaths = (
			);
			name = "[CP] Check Pods Manifest.lock";
			outputPaths = (
			);
			runOnlyForDeploymentPostprocessing = 0;
			shellPath = /bin/sh;
			shellScript = "diff \"${PODS_PODFILE_DIR_PATH}/Podfile.lock\" \"${PODS_ROOT}/Manifest.lock\" > /dev/null\nif [ $? != 0 ] ; then\n    # print error to STDERR\n    echo \"error: The sandbox is not in sync with the Podfile.lock. Run 'pod install' or update your CocoaPods installation.\" >&2\n    exit 1\nfi\n";
			showEnvVarsInLog = 0;
		};
		4849A92CFA6C5AFCE6BA082F /* [CP] Copy Pods Resources */ = {
			isa = PBXShellScriptBuildPhase;
			buildActionMask = 2147483647;
			files = (
			);
			inputPaths = (
			);
			name = "[CP] Copy Pods Resources";
			outputPaths = (
			);
			runOnlyForDeploymentPostprocessing = 0;
			shellPath = /bin/sh;
			shellScript = "\"${SRCROOT}/Pods/Target Support Files/Pods-TravelStartProjectUITests/Pods-TravelStartProjectUITests-resources.sh\"\n";
			showEnvVarsInLog = 0;
		};
		7686417AAB9652656D41E8C2 /* [CP] Embed Pods Frameworks */ = {
			isa = PBXShellScriptBuildPhase;
			buildActionMask = 2147483647;
			files = (
			);
			inputPaths = (
			);
			name = "[CP] Embed Pods Frameworks";
			outputPaths = (
			);
			runOnlyForDeploymentPostprocessing = 0;
			shellPath = /bin/sh;
			shellScript = "\"${SRCROOT}/Pods/Target Support Files/Pods-TravelStartProject/Pods-TravelStartProject-frameworks.sh\"\n";
			showEnvVarsInLog = 0;
		};
		8234F73C16E62232CFC7592F /* [CP] Copy Pods Resources */ = {
			isa = PBXShellScriptBuildPhase;
			buildActionMask = 2147483647;
			files = (
			);
			inputPaths = (
			);
			name = "[CP] Copy Pods Resources";
			outputPaths = (
			);
			runOnlyForDeploymentPostprocessing = 0;
			shellPath = /bin/sh;
			shellScript = "\"${SRCROOT}/Pods/Target Support Files/Pods-TravelStartProjectTests/Pods-TravelStartProjectTests-resources.sh\"\n";
			showEnvVarsInLog = 0;
		};
		86692B50BC889A401245BC39 /* [CP] Check Pods Manifest.lock */ = {
			isa = PBXShellScriptBuildPhase;
			buildActionMask = 2147483647;
			files = (
			);
			inputPaths = (
			);
			name = "[CP] Check Pods Manifest.lock";
			outputPaths = (
			);
			runOnlyForDeploymentPostprocessing = 0;
			shellPath = /bin/sh;
			shellScript = "diff \"${PODS_PODFILE_DIR_PATH}/Podfile.lock\" \"${PODS_ROOT}/Manifest.lock\" > /dev/null\nif [ $? != 0 ] ; then\n    # print error to STDERR\n    echo \"error: The sandbox is not in sync with the Podfile.lock. Run 'pod install' or update your CocoaPods installation.\" >&2\n    exit 1\nfi\n";
			showEnvVarsInLog = 0;
		};
		B4FC5335CD1FFF6A5FD57966 /* [CP] Embed Pods Frameworks */ = {
			isa = PBXShellScriptBuildPhase;
			buildActionMask = 2147483647;
			files = (
			);
			inputPaths = (
			);
			name = "[CP] Embed Pods Frameworks";
			outputPaths = (
			);
			runOnlyForDeploymentPostprocessing = 0;
			shellPath = /bin/sh;
			shellScript = "\"${SRCROOT}/Pods/Target Support Files/Pods-TravelStartProjectUITests/Pods-TravelStartProjectUITests-frameworks.sh\"\n";
			showEnvVarsInLog = 0;
		};
		C3B8CAD0C1602ADE2427544E /* [CP] Copy Pods Resources */ = {
			isa = PBXShellScriptBuildPhase;
			buildActionMask = 2147483647;
			files = (
			);
			inputPaths = (
			);
			name = "[CP] Copy Pods Resources";
			outputPaths = (
			);
			runOnlyForDeploymentPostprocessing = 0;
			shellPath = /bin/sh;
			shellScript = "\"${SRCROOT}/Pods/Target Support Files/Pods-TravelStartProject/Pods-TravelStartProject-resources.sh\"\n";
			showEnvVarsInLog = 0;
		};
		F16A8B0CBF0A172E6BD1FF6B /* [CP] Embed Pods Frameworks */ = {
			isa = PBXShellScriptBuildPhase;
			buildActionMask = 2147483647;
			files = (
			);
			inputPaths = (
			);
			name = "[CP] Embed Pods Frameworks";
			outputPaths = (
			);
			runOnlyForDeploymentPostprocessing = 0;
			shellPath = /bin/sh;
			shellScript = "\"${SRCROOT}/Pods/Target Support Files/Pods-TravelStartProjectTests/Pods-TravelStartProjectTests-frameworks.sh\"\n";
			showEnvVarsInLog = 0;
		};
/* End PBXShellScriptBuildPhase section */

/* Begin PBXSourcesBuildPhase section */
		F5190E9D2090B69600C51FD4 /* Sources */ = {
			isa = PBXSourcesBuildPhase;
			buildActionMask = 2147483647;
			files = (
				F5190F152092D52200C51FD4 /* ImageCache.swift in Sources */,
				F5190F172092D5C700C51FD4 /* ExtensionURL.swift in Sources */,
				F5190F292093882F00C51FD4 /* DetailPresenter.swift in Sources */,
				F5190F23209387F100C51FD4 /* DetailViewController.swift in Sources */,
				F510D406209431CD00B9EF22 /* DetailCollectionViewCell.swift in Sources */,
				F5190EE22090CD5F00C51FD4 /* Constant.swift in Sources */,
				F5190F04209227C000C51FD4 /* MainRouter.swift in Sources */,
				F5190F0D2092B89200C51FD4 /* RootRouter.swift in Sources */,
				F5190EF620921B0000C51FD4 /* MainViewController.swift in Sources */,
				F5190EDB2090C85900C51FD4 /* DataLoader.swift in Sources */,
				F5190F07209227E700C51FD4 /* MainContractor.swift in Sources */,
				F5190EDD2090C89700C51FD4 /* RequestToken.swift in Sources */,
				F5190F2B2093884200C51FD4 /* DetailInteractor.swift in Sources */,
				F5190EE42090CD8C00C51FD4 /* ExtensionNotificationCenter.swift in Sources */,
				F5190F2F2093885E00C51FD4 /* DetailContractor.swift in Sources */,
				F5190F002092279100C51FD4 /* MainPresenter.swift in Sources */,
				F5190EFD20921F9200C51FD4 /* MainCollectionViewCell.swift in Sources */,
				F5190F0F2092B96400C51FD4 /* RootContractor.swift in Sources */,
				F5190ED92090BF0800C51FD4 /* ExtensionString.swift in Sources */,
				F5190F192092E86100C51FD4 /* ImageLoader.swift in Sources */,
				F5190F262093881000C51FD4 /* DetailTableViewCell.swift in Sources */,
				F5190F02209227A700C51FD4 /* MainInteractor.swift in Sources */,
				F5190EF920921B2100C51FD4 /* MainTableViewCell.swift in Sources */,
				F5190EE72090D7DC00C51FD4 /* GetTouristSpotApi.swift in Sources */,
				F5190EA72090B69600C51FD4 /* ViewController.swift in Sources */,
				F5190F2D2093884E00C51FD4 /* DetailRouter.swift in Sources */,
				F5190EA52090B69600C51FD4 /* AppDelegate.swift in Sources */,
				F5190EE92090D96D00C51FD4 /* TouristSpotManager.swift in Sources */,
				F5190F0A2092284D00C51FD4 /* ViewProtocols.swift in Sources */,
				F5190F132092BC5D00C51FD4 /* ExtensionUIColor.swift in Sources */,
				F5190ED62090BBF600C51FD4 /* TouristSpotModel.swift in Sources */,
			);
			runOnlyForDeploymentPostprocessing = 0;
		};
		F5190EB12090B69700C51FD4 /* Sources */ = {
			isa = PBXSourcesBuildPhase;
			buildActionMask = 2147483647;
			files = (
				F5190EBA2090B69700C51FD4 /* TravelStartProjectTests.swift in Sources */,
			);
			runOnlyForDeploymentPostprocessing = 0;
		};
		F5190EBC2090B69700C51FD4 /* Sources */ = {
			isa = PBXSourcesBuildPhase;
			buildActionMask = 2147483647;
			files = (
				F5190EC52090B69700C51FD4 /* TravelStartProjectUITests.swift in Sources */,
			);
			runOnlyForDeploymentPostprocessing = 0;
		};
/* End PBXSourcesBuildPhase section */

/* Begin PBXTargetDependency section */
		F5190EB72090B69700C51FD4 /* PBXTargetDependency */ = {
			isa = PBXTargetDependency;
			target = F5190EA02090B69600C51FD4 /* TravelStartProject */;
			targetProxy = F5190EB62090B69700C51FD4 /* PBXContainerItemProxy */;
		};
		F5190EC22090B69700C51FD4 /* PBXTargetDependency */ = {
			isa = PBXTargetDependency;
			target = F5190EA02090B69600C51FD4 /* TravelStartProject */;
			targetProxy = F5190EC12090B69700C51FD4 /* PBXContainerItemProxy */;
		};
/* End PBXTargetDependency section */

/* Begin PBXVariantGroup section */
		F5190EA82090B69600C51FD4 /* Main.storyboard */ = {
			isa = PBXVariantGroup;
			children = (
				F5190EA92090B69600C51FD4 /* Base */,
			);
			name = Main.storyboard;
			sourceTree = "<group>";
		};
		F5190EAD2090B69600C51FD4 /* LaunchScreen.storyboard */ = {
			isa = PBXVariantGroup;
			children = (
				F5190EAE2090B69600C51FD4 /* Base */,
			);
			name = LaunchScreen.storyboard;
			sourceTree = "<group>";
		};
/* End PBXVariantGroup section */

/* Begin XCBuildConfiguration section */
		F5190EC72090B69700C51FD4 /* Debug */ = {
			isa = XCBuildConfiguration;
			buildSettings = {
				ALWAYS_SEARCH_USER_PATHS = NO;
				CLANG_ANALYZER_NONNULL = YES;
				CLANG_ANALYZER_NUMBER_OBJECT_CONVERSION = YES_AGGRESSIVE;
				CLANG_CXX_LANGUAGE_STANDARD = "gnu++14";
				CLANG_CXX_LIBRARY = "libc++";
				CLANG_ENABLE_MODULES = YES;
				CLANG_ENABLE_OBJC_ARC = YES;
				CLANG_WARN_BLOCK_CAPTURE_AUTORELEASING = YES;
				CLANG_WARN_BOOL_CONVERSION = YES;
				CLANG_WARN_COMMA = YES;
				CLANG_WARN_CONSTANT_CONVERSION = YES;
				CLANG_WARN_DIRECT_OBJC_ISA_USAGE = YES_ERROR;
				CLANG_WARN_DOCUMENTATION_COMMENTS = YES;
				CLANG_WARN_EMPTY_BODY = YES;
				CLANG_WARN_ENUM_CONVERSION = YES;
				CLANG_WARN_INFINITE_RECURSION = YES;
				CLANG_WARN_INT_CONVERSION = YES;
				CLANG_WARN_NON_LITERAL_NULL_CONVERSION = YES;
				CLANG_WARN_OBJC_LITERAL_CONVERSION = YES;
				CLANG_WARN_OBJC_ROOT_CLASS = YES_ERROR;
				CLANG_WARN_RANGE_LOOP_ANALYSIS = YES;
				CLANG_WARN_STRICT_PROTOTYPES = YES;
				CLANG_WARN_SUSPICIOUS_MOVE = YES;
				CLANG_WARN_UNGUARDED_AVAILABILITY = YES_AGGRESSIVE;
				CLANG_WARN_UNREACHABLE_CODE = YES;
				CLANG_WARN__DUPLICATE_METHOD_MATCH = YES;
				CODE_SIGN_IDENTITY = "iPhone Developer";
				COPY_PHASE_STRIP = NO;
				DEBUG_INFORMATION_FORMAT = dwarf;
				ENABLE_STRICT_OBJC_MSGSEND = YES;
				ENABLE_TESTABILITY = YES;
				GCC_C_LANGUAGE_STANDARD = gnu11;
				GCC_DYNAMIC_NO_PIC = NO;
				GCC_NO_COMMON_BLOCKS = YES;
				GCC_OPTIMIZATION_LEVEL = 0;
				GCC_PREPROCESSOR_DEFINITIONS = (
					"DEBUG=1",
					"$(inherited)",
				);
				GCC_WARN_64_TO_32_BIT_CONVERSION = YES;
				GCC_WARN_ABOUT_RETURN_TYPE = YES_ERROR;
				GCC_WARN_UNDECLARED_SELECTOR = YES;
				GCC_WARN_UNINITIALIZED_AUTOS = YES_AGGRESSIVE;
				GCC_WARN_UNUSED_FUNCTION = YES;
				GCC_WARN_UNUSED_VARIABLE = YES;
				IPHONEOS_DEPLOYMENT_TARGET = 11.2;
				MTL_ENABLE_DEBUG_INFO = YES;
				ONLY_ACTIVE_ARCH = YES;
				SDKROOT = iphoneos;
				SWIFT_ACTIVE_COMPILATION_CONDITIONS = DEBUG;
				SWIFT_OPTIMIZATION_LEVEL = "-Onone";
			};
			name = Debug;
		};
		F5190EC82090B69700C51FD4 /* Release */ = {
			isa = XCBuildConfiguration;
			buildSettings = {
				ALWAYS_SEARCH_USER_PATHS = NO;
				CLANG_ANALYZER_NONNULL = YES;
				CLANG_ANALYZER_NUMBER_OBJECT_CONVERSION = YES_AGGRESSIVE;
				CLANG_CXX_LANGUAGE_STANDARD = "gnu++14";
				CLANG_CXX_LIBRARY = "libc++";
				CLANG_ENABLE_MODULES = YES;
				CLANG_ENABLE_OBJC_ARC = YES;
				CLANG_WARN_BLOCK_CAPTURE_AUTORELEASING = YES;
				CLANG_WARN_BOOL_CONVERSION = YES;
				CLANG_WARN_COMMA = YES;
				CLANG_WARN_CONSTANT_CONVERSION = YES;
				CLANG_WARN_DIRECT_OBJC_ISA_USAGE = YES_ERROR;
				CLANG_WARN_DOCUMENTATION_COMMENTS = YES;
				CLANG_WARN_EMPTY_BODY = YES;
				CLANG_WARN_ENUM_CONVERSION = YES;
				CLANG_WARN_INFINITE_RECURSION = YES;
				CLANG_WARN_INT_CONVERSION = YES;
				CLANG_WARN_NON_LITERAL_NULL_CONVERSION = YES;
				CLANG_WARN_OBJC_LITERAL_CONVERSION = YES;
				CLANG_WARN_OBJC_ROOT_CLASS = YES_ERROR;
				CLANG_WARN_RANGE_LOOP_ANALYSIS = YES;
				CLANG_WARN_STRICT_PROTOTYPES = YES;
				CLANG_WARN_SUSPICIOUS_MOVE = YES;
				CLANG_WARN_UNGUARDED_AVAILABILITY = YES_AGGRESSIVE;
				CLANG_WARN_UNREACHABLE_CODE = YES;
				CLANG_WARN__DUPLICATE_METHOD_MATCH = YES;
				CODE_SIGN_IDENTITY = "iPhone Developer";
				COPY_PHASE_STRIP = NO;
				DEBUG_INFORMATION_FORMAT = "dwarf-with-dsym";
				ENABLE_NS_ASSERTIONS = NO;
				ENABLE_STRICT_OBJC_MSGSEND = YES;
				GCC_C_LANGUAGE_STANDARD = gnu11;
				GCC_NO_COMMON_BLOCKS = YES;
				GCC_WARN_64_TO_32_BIT_CONVERSION = YES;
				GCC_WARN_ABOUT_RETURN_TYPE = YES_ERROR;
				GCC_WARN_UNDECLARED_SELECTOR = YES;
				GCC_WARN_UNINITIALIZED_AUTOS = YES_AGGRESSIVE;
				GCC_WARN_UNUSED_FUNCTION = YES;
				GCC_WARN_UNUSED_VARIABLE = YES;
				IPHONEOS_DEPLOYMENT_TARGET = 11.2;
				MTL_ENABLE_DEBUG_INFO = NO;
				SDKROOT = iphoneos;
				SWIFT_OPTIMIZATION_LEVEL = "-Owholemodule";
				VALIDATE_PRODUCT = YES;
			};
			name = Release;
		};
		F5190ECA2090B69700C51FD4 /* Debug */ = {
			isa = XCBuildConfiguration;
			baseConfigurationReference = E11342652EFD6F540EA91AA4 /* Pods-TravelStartProject.debug.xcconfig */;
			buildSettings = {
				ASSETCATALOG_COMPILER_APPICON_NAME = AppIcon;
				CODE_SIGN_STYLE = Automatic;
				DEVELOPMENT_TEAM = V7ACRS83M5;
				INFOPLIST_FILE = TravelStartProject/Info.plist;
				IPHONEOS_DEPLOYMENT_TARGET = 11.0;
				LD_RUNPATH_SEARCH_PATHS = "$(inherited) @executable_path/Frameworks";
				PRODUCT_BUNDLE_IDENTIFIER = com.athemer.TravelStartProject;
				PRODUCT_NAME = "$(TARGET_NAME)";
				SWIFT_VERSION = 4.0;
				TARGETED_DEVICE_FAMILY = "1,2";
			};
			name = Debug;
		};
		F5190ECB2090B69700C51FD4 /* Release */ = {
			isa = XCBuildConfiguration;
			baseConfigurationReference = 6880C4C71261260729DB735F /* Pods-TravelStartProject.release.xcconfig */;
			buildSettings = {
				ASSETCATALOG_COMPILER_APPICON_NAME = AppIcon;
				CODE_SIGN_STYLE = Automatic;
				DEVELOPMENT_TEAM = V7ACRS83M5;
				INFOPLIST_FILE = TravelStartProject/Info.plist;
				IPHONEOS_DEPLOYMENT_TARGET = 11.0;
				LD_RUNPATH_SEARCH_PATHS = "$(inherited) @executable_path/Frameworks";
				PRODUCT_BUNDLE_IDENTIFIER = com.athemer.TravelStartProject;
				PRODUCT_NAME = "$(TARGET_NAME)";
				SWIFT_VERSION = 4.0;
				TARGETED_DEVICE_FAMILY = "1,2";
			};
			name = Release;
		};
		F5190ECD2090B69700C51FD4 /* Debug */ = {
			isa = XCBuildConfiguration;
			baseConfigurationReference = 6112D3F6CDDDC65DB013B155 /* Pods-TravelStartProjectTests.debug.xcconfig */;
			buildSettings = {
				ALWAYS_EMBED_SWIFT_STANDARD_LIBRARIES = YES;
				BUNDLE_LOADER = "$(TEST_HOST)";
				CODE_SIGN_STYLE = Automatic;
				DEVELOPMENT_TEAM = V7ACRS83M5;
				INFOPLIST_FILE = TravelStartProjectTests/Info.plist;
				LD_RUNPATH_SEARCH_PATHS = "$(inherited) @executable_path/Frameworks @loader_path/Frameworks";
				PRODUCT_BUNDLE_IDENTIFIER = com.athemer.TravelStartProjectTests;
				PRODUCT_NAME = "$(TARGET_NAME)";
				SWIFT_VERSION = 4.0;
				TARGETED_DEVICE_FAMILY = "1,2";
				TEST_HOST = "$(BUILT_PRODUCTS_DIR)/TravelStartProject.app/TravelStartProject";
			};
			name = Debug;
		};
		F5190ECE2090B69700C51FD4 /* Release */ = {
			isa = XCBuildConfiguration;
			baseConfigurationReference = CACBE290CB2363012489555A /* Pods-TravelStartProjectTests.release.xcconfig */;
			buildSettings = {
				ALWAYS_EMBED_SWIFT_STANDARD_LIBRARIES = YES;
				BUNDLE_LOADER = "$(TEST_HOST)";
				CODE_SIGN_STYLE = Automatic;
				DEVELOPMENT_TEAM = V7ACRS83M5;
				INFOPLIST_FILE = TravelStartProjectTests/Info.plist;
				LD_RUNPATH_SEARCH_PATHS = "$(inherited) @executable_path/Frameworks @loader_path/Frameworks";
				PRODUCT_BUNDLE_IDENTIFIER = com.athemer.TravelStartProjectTests;
				PRODUCT_NAME = "$(TARGET_NAME)";
				SWIFT_VERSION = 4.0;
				TARGETED_DEVICE_FAMILY = "1,2";
				TEST_HOST = "$(BUILT_PRODUCTS_DIR)/TravelStartProject.app/TravelStartProject";
			};
			name = Release;
		};
		F5190ED02090B69700C51FD4 /* Debug */ = {
			isa = XCBuildConfiguration;
			baseConfigurationReference = 90A6DDA346A4899CD3D0A2CF /* Pods-TravelStartProjectUITests.debug.xcconfig */;
			buildSettings = {
				ALWAYS_EMBED_SWIFT_STANDARD_LIBRARIES = YES;
				CODE_SIGN_STYLE = Automatic;
				DEVELOPMENT_TEAM = V7ACRS83M5;
				INFOPLIST_FILE = TravelStartProjectUITests/Info.plist;
				LD_RUNPATH_SEARCH_PATHS = "$(inherited) @executable_path/Frameworks @loader_path/Frameworks";
				PRODUCT_BUNDLE_IDENTIFIER = com.athemer.TravelStartProjectUITests;
				PRODUCT_NAME = "$(TARGET_NAME)";
				SWIFT_VERSION = 4.0;
				TARGETED_DEVICE_FAMILY = "1,2";
				TEST_TARGET_NAME = TravelStartProject;
			};
			name = Debug;
		};
		F5190ED12090B69700C51FD4 /* Release */ = {
			isa = XCBuildConfiguration;
			baseConfigurationReference = 55D9580550B048959701D1B6 /* Pods-TravelStartProjectUITests.release.xcconfig */;
			buildSettings = {
				ALWAYS_EMBED_SWIFT_STANDARD_LIBRARIES = YES;
				CODE_SIGN_STYLE = Automatic;
				DEVELOPMENT_TEAM = V7ACRS83M5;
				INFOPLIST_FILE = TravelStartProjectUITests/Info.plist;
				LD_RUNPATH_SEARCH_PATHS = "$(inherited) @executable_path/Frameworks @loader_path/Frameworks";
				PRODUCT_BUNDLE_IDENTIFIER = com.athemer.TravelStartProjectUITests;
				PRODUCT_NAME = "$(TARGET_NAME)";
				SWIFT_VERSION = 4.0;
				TARGETED_DEVICE_FAMILY = "1,2";
				TEST_TARGET_NAME = TravelStartProject;
			};
			name = Release;
		};
/* End XCBuildConfiguration section */

/* Begin XCConfigurationList section */
		F5190E9C2090B69600C51FD4 /* Build configuration list for PBXProject "TravelStartProject" */ = {
			isa = XCConfigurationList;
			buildConfigurations = (
				F5190EC72090B69700C51FD4 /* Debug */,
				F5190EC82090B69700C51FD4 /* Release */,
			);
			defaultConfigurationIsVisible = 0;
			defaultConfigurationName = Release;
		};
		F5190EC92090B69700C51FD4 /* Build configuration list for PBXNativeTarget "TravelStartProject" */ = {
			isa = XCConfigurationList;
			buildConfigurations = (
				F5190ECA2090B69700C51FD4 /* Debug */,
				F5190ECB2090B69700C51FD4 /* Release */,
			);
			defaultConfigurationIsVisible = 0;
			defaultConfigurationName = Release;
		};
		F5190ECC2090B69700C51FD4 /* Build configuration list for PBXNativeTarget "TravelStartProjectTests" */ = {
			isa = XCConfigurationList;
			buildConfigurations = (
				F5190ECD2090B69700C51FD4 /* Debug */,
				F5190ECE2090B69700C51FD4 /* Release */,
			);
			defaultConfigurationIsVisible = 0;
			defaultConfigurationName = Release;
		};
		F5190ECF2090B69700C51FD4 /* Build configuration list for PBXNativeTarget "TravelStartProjectUITests" */ = {
			isa = XCConfigurationList;
			buildConfigurations = (
				F5190ED02090B69700C51FD4 /* Debug */,
				F5190ED12090B69700C51FD4 /* Release */,
			);
			defaultConfigurationIsVisible = 0;
			defaultConfigurationName = Release;
		};
/* End XCConfigurationList section */
	};
	rootObject = F5190E992090B69600C51FD4 /* Project object */;
}
